{
  "name": "rasberryWeather974",
  "lockfileVersion": 3,
  "requires": true,
  "packages": {
    "": {
      "dependencies": {
        "influx": "^5.9.3"
      }
    },
    "node_modules/influx": {
      "version": "5.9.3",
      "resolved": "https://registry.npmjs.org/influx/-/influx-5.9.3.tgz",
      "integrity": "sha512-QQU9CgwnaEV6zMrK8+vhVItsdoKFqDioXJrjJhRQaff9utvT3N0jcrQJT9qnxFLktqgJ5ngbDY68Zh4eo4uD/w=="
    }
  }
}
